
Microsoft Visual Studio Solution File, Format Version 12.00
# Visual Studio Version 16
VisualStudioVersion = 16.0.29709.97
MinimumVisualStudioVersion = 10.0.40219.1
Project("{9A19103F-16F7-4668-BE54-9A1E7A4F7556}") = "Lab_2C_Monte_Carlo", "Lab_2C_Monte_Carlo\Lab_2C_Monte_Carlo.csproj", "{594FBFA2-8DF7-4480-9061-2CA7F2547E37}"
EndProject
Project("{9A19103F-16F7-4668-BE54-9A1E7A4F7556}") = "Ex_2A_Calculating_Averages", "Ex_2A_Calculating_Averages\Ex_2A_Calculating_Averages.csproj", "{CBA4C369-9650-4EDB-8C2C-8B274CA6F9F1}"
EndProject
Project("{9A19103F-16F7-4668-BE54-9A1E7A4F7556}") = "EX_2B_Optional_Parameters", "EX_2B_Optional_Parameters\EX_2B_Optional_Parameters.csproj", "{75AA576B-8EC7-4DCD-A5DA-A437432B099C}"
EndProject
Project("{9A19103F-16F7-4668-BE54-9A1E7A4F7556}") = "EX_2C_Recursive_Methods", "EX_2C_Recursive_Methods\EX_2C_Recursive_Methods.csproj", "{CDAFA7F5-F350-44C4-965C-1F46A1211C28}"
EndProject
Project("{9A19103F-16F7-4668-BE54-9A1E7A4F7556}") = "EX_4A_Creating_a_Farm", "EX_4A_Creating_a_Farm\EX_4A_Creating_a_Farm.csproj", "{C4EAC1FA-FBAF-4059-A9A9-8ABA7CA4348B}"
EndProject
Project("{FAE04EC0-301F-11D3-BF4B-00C04F79EFBC}") = "TestArea", "TestArea\TestArea.csproj", "{8A2A8499-ABB1-433D-93C0-1EF7293873DD}"
EndProject
Project("{9A19103F-16F7-4668-BE54-9A1E7A4F7556}") = "Ex_3A_Exceptions", "EX_3A_Exceptions\Ex_3A_Exceptions.csproj", "{061A44FD-B4FB-49F4-9C5B-9427E308DB36}"
EndProject
Project("{9A19103F-16F7-4668-BE54-9A1E7A4F7556}") = "EX_3D_Exception_Handeling", "EX_3D_Exception_Handeling\EX_3D_Exception_Handeling.csproj", "{8AFCA447-6C2A-4AAD-A1FA-6CDAE5077CFC}"
EndProject
Project("{9A19103F-16F7-4668-BE54-9A1E7A4F7556}") = "Test", "Test\Test.csproj", "{74CC17CB-BD91-4096-A023-C2DBE6B3BB72}"
EndProject
Project("{9A19103F-16F7-4668-BE54-9A1E7A4F7556}") = "Lab_4C_SpaceGame", "Lab_4C_SpaceGame\Lab_4C_SpaceGame.csproj", "{8F3DF5EE-9E97-4993-BD88-242FC24951DA}"
EndProject
Project("{9A19103F-16F7-4668-BE54-9A1E7A4F7556}") = "EX_6A_Manipulating_Arrays", "EX_6A_Manipulating_Arrays\EX_6A_Manipulating_Arrays.csproj", "{2EA71316-C7FD-47F1-A9BA-DDC869401C7B}"
EndProject
Project("{9A19103F-16F7-4668-BE54-9A1E7A4F7556}") = "EX_1A_Mathematical_Formulas", "EX1A_Mathematical_Formulas\EX_1A_Mathematical_Formulas.csproj", "{FF913131-7B23-45B2-83C7-7ACC9D38E06C}"
EndProject
Project("{FAE04EC0-301F-11D3-BF4B-00C04F79EFBC}") = "EX_7A_MilitaryUnit", "EX_7A_MilitaryUnit\EX_7A_MilitaryUnit.csproj", "{108AA6C9-6D40-4E69-94BB-D2509E7683AD}"
EndProject
Global
	GlobalSection(SolutionConfigurationPlatforms) = preSolution
		Debug|Any CPU = Debug|Any CPU
		Release|Any CPU = Release|Any CPU
	EndGlobalSection
	GlobalSection(ProjectConfigurationPlatforms) = postSolution
		{594FBFA2-8DF7-4480-9061-2CA7F2547E37}.Debug|Any CPU.ActiveCfg = Debug|Any CPU
		{594FBFA2-8DF7-4480-9061-2CA7F2547E37}.Debug|Any CPU.Build.0 = Debug|Any CPU
		{594FBFA2-8DF7-4480-9061-2CA7F2547E37}.Release|Any CPU.ActiveCfg = Release|Any CPU
		{594FBFA2-8DF7-4480-9061-2CA7F2547E37}.Release|Any CPU.Build.0 = Release|Any CPU
		{CBA4C369-9650-4EDB-8C2C-8B274CA6F9F1}.Debug|Any CPU.ActiveCfg = Debug|Any CPU
		{CBA4C369-9650-4EDB-8C2C-8B274CA6F9F1}.Debug|Any CPU.Build.0 = Debug|Any CPU
		{CBA4C369-9650-4EDB-8C2C-8B274CA6F9F1}.Release|Any CPU.ActiveCfg = Release|Any CPU
		{CBA4C369-9650-4EDB-8C2C-8B274CA6F9F1}.Release|Any CPU.Build.0 = Release|Any CPU
		{75AA576B-8EC7-4DCD-A5DA-A437432B099C}.Debug|Any CPU.ActiveCfg = Debug|Any CPU
		{75AA576B-8EC7-4DCD-A5DA-A437432B099C}.Debug|Any CPU.Build.0 = Debug|Any CPU
		{75AA576B-8EC7-4DCD-A5DA-A437432B099C}.Release|Any CPU.ActiveCfg = Release|Any CPU
		{75AA576B-8EC7-4DCD-A5DA-A437432B099C}.Release|Any CPU.Build.0 = Release|Any CPU
		{CDAFA7F5-F350-44C4-965C-1F46A1211C28}.Debug|Any CPU.ActiveCfg = Debug|Any CPU
		{CDAFA7F5-F350-44C4-965C-1F46A1211C28}.Debug|Any CPU.Build.0 = Debug|Any CPU
		{CDAFA7F5-F350-44C4-965C-1F46A1211C28}.Release|Any CPU.ActiveCfg = Release|Any CPU
		{CDAFA7F5-F350-44C4-965C-1F46A1211C28}.Release|Any CPU.Build.0 = Release|Any CPU
		{C4EAC1FA-FBAF-4059-A9A9-8ABA7CA4348B}.Debug|Any CPU.ActiveCfg = Debug|Any CPU
		{C4EAC1FA-FBAF-4059-A9A9-8ABA7CA4348B}.Debug|Any CPU.Build.0 = Debug|Any CPU
		{C4EAC1FA-FBAF-4059-A9A9-8ABA7CA4348B}.Release|Any CPU.ActiveCfg = Release|Any CPU
		{C4EAC1FA-FBAF-4059-A9A9-8ABA7CA4348B}.Release|Any CPU.Build.0 = Release|Any CPU
		{8A2A8499-ABB1-433D-93C0-1EF7293873DD}.Debug|Any CPU.ActiveCfg = Debug|Any CPU
		{8A2A8499-ABB1-433D-93C0-1EF7293873DD}.Debug|Any CPU.Build.0 = Debug|Any CPU
		{8A2A8499-ABB1-433D-93C0-1EF7293873DD}.Release|Any CPU.ActiveCfg = Release|Any CPU
		{8A2A8499-ABB1-433D-93C0-1EF7293873DD}.Release|Any CPU.Build.0 = Release|Any CPU
		{061A44FD-B4FB-49F4-9C5B-9427E308DB36}.Debug|Any CPU.ActiveCfg = Debug|Any CPU
		{061A44FD-B4FB-49F4-9C5B-9427E308DB36}.Debug|Any CPU.Build.0 = Debug|Any CPU
		{061A44FD-B4FB-49F4-9C5B-9427E308DB36}.Release|Any CPU.ActiveCfg = Release|Any CPU
		{061A44FD-B4FB-49F4-9C5B-9427E308DB36}.Release|Any CPU.Build.0 = Release|Any CPU
		{8AFCA447-6C2A-4AAD-A1FA-6CDAE5077CFC}.Debug|Any CPU.ActiveCfg = Debug|Any CPU
		{8AFCA447-6C2A-4AAD-A1FA-6CDAE5077CFC}.Debug|Any CPU.Build.0 = Debug|Any CPU
		{8AFCA447-6C2A-4AAD-A1FA-6CDAE5077CFC}.Release|Any CPU.ActiveCfg = Release|Any CPU
		{8AFCA447-6C2A-4AAD-A1FA-6CDAE5077CFC}.Release|Any CPU.Build.0 = Release|Any CPU
		{74CC17CB-BD91-4096-A023-C2DBE6B3BB72}.Debug|Any CPU.ActiveCfg = Debug|Any CPU
		{74CC17CB-BD91-4096-A023-C2DBE6B3BB72}.Debug|Any CPU.Build.0 = Debug|Any CPU
		{74CC17CB-BD91-4096-A023-C2DBE6B3BB72}.Release|Any CPU.ActiveCfg = Release|Any CPU
		{74CC17CB-BD91-4096-A023-C2DBE6B3BB72}.Release|Any CPU.Build.0 = Release|Any CPU
		{8F3DF5EE-9E97-4993-BD88-242FC24951DA}.Debug|Any CPU.ActiveCfg = Debug|Any CPU
		{8F3DF5EE-9E97-4993-BD88-242FC24951DA}.Debug|Any CPU.Build.0 = Debug|Any CPU
		{8F3DF5EE-9E97-4993-BD88-242FC24951DA}.Release|Any CPU.ActiveCfg = Release|Any CPU
		{8F3DF5EE-9E97-4993-BD88-242FC24951DA}.Release|Any CPU.Build.0 = Release|Any CPU
		{2EA71316-C7FD-47F1-A9BA-DDC869401C7B}.Debug|Any CPU.ActiveCfg = Debug|Any CPU
		{2EA71316-C7FD-47F1-A9BA-DDC869401C7B}.Debug|Any CPU.Build.0 = Debug|Any CPU
		{2EA71316-C7FD-47F1-A9BA-DDC869401C7B}.Release|Any CPU.ActiveCfg = Release|Any CPU
		{2EA71316-C7FD-47F1-A9BA-DDC869401C7B}.Release|Any CPU.Build.0 = Release|Any CPU
		{FF913131-7B23-45B2-83C7-7ACC9D38E06C}.Debug|Any CPU.ActiveCfg = Debug|Any CPU
		{FF913131-7B23-45B2-83C7-7ACC9D38E06C}.Debug|Any CPU.Build.0 = Debug|Any CPU
		{FF913131-7B23-45B2-83C7-7ACC9D38E06C}.Release|Any CPU.ActiveCfg = Release|Any CPU
		{FF913131-7B23-45B2-83C7-7ACC9D38E06C}.Release|Any CPU.Build.0 = Release|Any CPU
		{108AA6C9-6D40-4E69-94BB-D2509E7683AD}.Debug|Any CPU.ActiveCfg = Debug|Any CPU
		{108AA6C9-6D40-4E69-94BB-D2509E7683AD}.Debug|Any CPU.Build.0 = Debug|Any CPU
		{108AA6C9-6D40-4E69-94BB-D2509E7683AD}.Release|Any CPU.ActiveCfg = Release|Any CPU
		{108AA6C9-6D40-4E69-94BB-D2509E7683AD}.Release|Any CPU.Build.0 = Release|Any CPU
	EndGlobalSection
	GlobalSection(SolutionProperties) = preSolution
		HideSolutionNode = FALSE
	EndGlobalSection
	GlobalSection(ExtensibilityGlobals) = postSolution
		SolutionGuid = {5B6FD742-AB53-48FC-864D-415C4F9AF6F0}
	EndGlobalSection
EndGlobal
