
Microsoft Visual Studio Solution File, Format Version 12.00
# Visual Studio Version 16
VisualStudioVersion = 16.0.29709.97
MinimumVisualStudioVersion = 10.0.40219.1
Project("{9A19103F-16F7-4668-BE54-9A1E7A4F7556}") = "Lab_2C_Monte_Carlo", "Lab_2C_Monte_Carlo\Lab_2C_Monte_Carlo.csproj", "{594FBFA2-8DF7-4480-9061-2CA7F2547E37}"
EndProject
Project("{9A19103F-16F7-4668-BE54-9A1E7A4F7556}") = "Ex_2A_Calculating_Averages", "Ex_2A_Calculating_Averages\Ex_2A_Calculating_Averages.csproj", "{CBA4C369-9650-4EDB-8C2C-8B274CA6F9F1}"
EndProject
Project("{9A19103F-16F7-4668-BE54-9A1E7A4F7556}") = "EX_2B_Optional_Parameters", "EX_2B_Optional_Parameters\EX_2B_Optional_Parameters.csproj", "{75AA576B-8EC7-4DCD-A5DA-A437432B099C}"
EndProject
Project("{9A19103F-16F7-4668-BE54-9A1E7A4F7556}") = "EX_2C_Recursive_Methods", "EX_2C_Recursive_Methods\EX_2C_Recursive_Methods.csproj", "{CDAFA7F5-F350-44C4-965C-1F46A1211C28}"
EndProject
Project("{9A19103F-16F7-4668-BE54-9A1E7A4F7556}") = "EX_4A_Creating_a_Farm", "EX_4A_Creating_a_Farm\EX_4A_Creating_a_Farm.csproj", "{C4EAC1FA-FBAF-4059-A9A9-8ABA7CA4348B}"
EndProject
Project("{FAE04EC0-301F-11D3-BF4B-00C04F79EFBC}") = "TestArea", "TestArea\TestArea.csproj", "{8A2A8499-ABB1-433D-93C0-1EF7293873DD}"
EndProject
Project("{9A19103F-16F7-4668-BE54-9A1E7A4F7556}") = "Ex_3A_Exceptions", "EX_3A_Exceptions\Ex_3A_Exceptions.csproj", "{061A44FD-B4FB-49F4-9C5B-9427E308DB36}"
EndProject
Project("{9A19103F-16F7-4668-BE54-9A1E7A4F7556}") = "EX_3D_Exception_Handeling", "EX_3D_Exception_Handeling\EX_3D_Exception_Handeling.csproj", "{8AFCA447-6C2A-4AAD-A1FA-6CDAE5077CFC}"
EndProject
Project("{9A19103F-16F7-4668-BE54-9A1E7A4F7556}") = "Test", "Test\Test.csproj", "{74CC17CB-BD91-4096-A023-C2DBE6B3BB72}"
EndProject
Project("{9A19103F-16F7-4668-BE54-9A1E7A4F7556}") = "Lab_4C_SpaceGame", "Lab_4C_SpaceGame\Lab_4C_SpaceGame.csproj", "{8F3DF5EE-9E97-4993-BD88-242FC24951DA}"
EndProject
Project("{9A19103F-16F7-4668-BE54-9A1E7A4F7556}") = "EX_6A_Manipulating_Arrays", "EX_6A_Manipulating_Arrays\EX_6A_Manipulating_Arrays.csproj", "{2EA71316-C7FD-47F1-A9BA-DDC869401C7B}"
EndProject
Project("{9A19103F-16F7-4668-BE54-9A1E7A4F7556}") = "EX_1A_Mathematical_Formulas", "EX1A_Mathematical_Formulas\EX_1A_Mathematical_Formulas.csproj", "{FF913131-7B23-45B2-83C7-7ACC9D38E06C}"
EndProject
Project("{9A19103F-16F7-4668-BE54-9A1E7A4F7556}") = "EX_7A_MilitaryUnit", "EX_7A_MilitaryUnit\EX_7A_MilitaryUnit.csproj", "{108AA6C9-6D40-4E69-94BB-D2509E7683AD}"
EndProject
Project("{9A19103F-16F7-4668-BE54-9A1E7A4F7556}") = "Ex_8A_Roulette", "Ex_8A_Roulette\Ex_8A_Roulette.csproj", "{F53DD5D6-CF55-4292-9F9E-BC48AB06B43E}"
EndProject
Project("{9A19103F-16F7-4668-BE54-9A1E7A4F7556}") = "LanguageFeatures", "LanguageFeatures\LanguageFeatures.csproj", "{55D0D67D-3A82-4EE4-BB06-1F66937C3A35}"
EndProject
Project("{9A19103F-16F7-4668-BE54-9A1E7A4F7556}") = "Ex_8A_RouletteTest", "Ex_8A_RouletteTest\Ex_8A_RouletteTest.csproj", "{5073DE5C-90B8-4948-8A3B-1D7D28C4E57D}"
EndProject
Project("{9A19103F-16F7-4668-BE54-9A1E7A4F7556}") = "EX_9A_Guess_My_Number_Game", "EX_9A_Guess_My_Number_Game\EX_9A_Guess_My_Number_Game.csproj", "{9B2B76D2-2E2A-478D-A29E-F74A8D34A9FE}"
EndProject
Project("{9A19103F-16F7-4668-BE54-9A1E7A4F7556}") = "Razor", "Razor\Razor.csproj", "{6D32AAAA-CA58-454C-AC3F-BB64A49AA7AB}"
EndProject
Project("{9A19103F-16F7-4668-BE54-9A1E7A4F7556}") = "WorkingWithVisualStudio", "WorkingWithVisualStudio\WorkingWithVisualStudio.csproj", "{AD6A3C63-253E-4264-A44C-BE5438D735B7}"
EndProject
Project("{9A19103F-16F7-4668-BE54-9A1E7A4F7556}") = "WorkingWithVisualStudio.Tests", "WorkingWithVisualStudio.Tests\WorkingWithVisualStudio.Tests.csproj", "{06E00B0B-5B71-4AF3-8A51-3F84C5A803C2}"
EndProject
Project("{9A19103F-16F7-4668-BE54-9A1E7A4F7556}") = "CalebsSportsStore", "CalebsSportsStore\CalebsSportsStore.csproj", "{E022DAEB-163B-43CA-9FEC-C0B604A44E9C}"
EndProject
Project("{9A19103F-16F7-4668-BE54-9A1E7A4F7556}") = "CalebsSportsStore.Tests", "CalebsSportsStore.Tests\CalebsSportsStore.Tests.csproj", "{E9331012-1382-4785-B690-FAB471F33DF0}"
EndProject
Project("{9A19103F-16F7-4668-BE54-9A1E7A4F7556}") = "ISTA421_EX_1B_Key_Value_Store", "ISTA421_EX_1B_Key_Value_Store\ISTA421_EX_1B_Key_Value_Store.csproj", "{51CA7AA4-9A7C-41B6-8086-A650B3017637}"
EndProject
Project("{00D1A9C2-B5F0-4AF3-8072-F6C62B433612}") = "ContosoUniversityData", "ContosoUniversityData\ContosoUniversityData.sqlproj", "{990B82A8-F590-447B-BA21-321222FB70C6}"
EndProject
Project("{FAE04EC0-301F-11D3-BF4B-00C04F79EFBC}") = "ContosoSite", "ContosoSite\ContosoSite.csproj", "{012BA3E7-F66E-43F0-A3DF-AD4A6AE3A70D}"
EndProject
Project("{9A19103F-16F7-4668-BE54-9A1E7A4F7556}") = "MvcMovie", "MvcMovie\MvcMovie.csproj", "{46777899-90F3-4FEB-9E72-DC614F1742B4}"
EndProject
Project("{9A19103F-16F7-4668-BE54-9A1E7A4F7556}") = "ISTA_421_EX_1E_BaseNumberConversion", "ISTA_421_EX_1E_BaseNumberConversion\ISTA_421_EX_1E_BaseNumberConversion.csproj", "{D817736A-B456-4CDE-934E-25A3EA53B9F3}"
EndProject
Project("{9A19103F-16F7-4668-BE54-9A1E7A4F7556}") = "ISTA_421_EX_2B_Vector_Distance_Calculation", "ISTA_421_EX_2B_Vector_Distance_Calculation\ISTA_421_EX_2B_Vector_Distance_Calculation.csproj", "{9E8F15EE-6B98-4AAC-92B9-47FAB9173DF6}"
EndProject
Project("{9A19103F-16F7-4668-BE54-9A1E7A4F7556}") = "ISTA_421_EX_2A_Generic_Collections_Project_1", "ISTA_421_EX_2A_Generic_Collections_Project_1\ISTA_421_EX_2A_Generic_Collections_Project_1.csproj", "{17E1EA74-C132-46A0-B904-88FDC5D7D649}"
EndProject
Project("{9A19103F-16F7-4668-BE54-9A1E7A4F7556}") = "ISTA_421_EX_2A_Generic_Collections_Project_2", "ISTA_421_EX_2A_Generic_Collections_Project_2\ISTA_421_EX_2A_Generic_Collections_Project_2.csproj", "{5AFF4ED3-60FD-40CB-9355-8B7EFA71D6FC}"
EndProject
Project("{2150E333-8FDC-42A3-9474-1A3956D46DE8}") = "Solution Items", "Solution Items", "{B3E8E6EB-F164-4B36-9C95-AB58B48F93F9}"
	ProjectSection(SolutionItems) = preProject
		.gitignore = .gitignore
	EndProjectSection
EndProject
Project("{9A19103F-16F7-4668-BE54-9A1E7A4F7556}") = "ISTA_421_EX_3A_Password_Encryption", "ISTA_421_EX_3A_Password_Encryption\ISTA_421_EX_3A_Password_Encryption.csproj", "{E98730B1-6EFB-4A15-B352-D47D694CEA9C}"
EndProject
Project("{9A19103F-16F7-4668-BE54-9A1E7A4F7556}") = "ISTA_421_EX_3B_Math_Games", "ISTA_421_EX_3B_Math_Games\ISTA_421_EX_3B_Math_Games.csproj", "{A48A4E0D-DDD9-4481-80BD-89040DE61B56}"
EndProject
Project("{FAE04EC0-301F-11D3-BF4B-00C04F79EFBC}") = "ISTA_421_EX_4A_Encrypting_Decrypting_Messages", "ISTA_421_EX_4A_Encrypting_Decrypting_Messages\ISTA_421_EX_4A_Encrypting_Decrypting_Messages.csproj", "{61470356-6CEE-4B66-AD68-D9CB9AFD7206}"
EndProject
Global
	GlobalSection(SolutionConfigurationPlatforms) = preSolution
		Debug|Any CPU = Debug|Any CPU
		Release|Any CPU = Release|Any CPU
	EndGlobalSection
	GlobalSection(ProjectConfigurationPlatforms) = postSolution
		{594FBFA2-8DF7-4480-9061-2CA7F2547E37}.Debug|Any CPU.ActiveCfg = Debug|Any CPU
		{594FBFA2-8DF7-4480-9061-2CA7F2547E37}.Debug|Any CPU.Build.0 = Debug|Any CPU
		{594FBFA2-8DF7-4480-9061-2CA7F2547E37}.Release|Any CPU.ActiveCfg = Release|Any CPU
		{594FBFA2-8DF7-4480-9061-2CA7F2547E37}.Release|Any CPU.Build.0 = Release|Any CPU
		{CBA4C369-9650-4EDB-8C2C-8B274CA6F9F1}.Debug|Any CPU.ActiveCfg = Debug|Any CPU
		{CBA4C369-9650-4EDB-8C2C-8B274CA6F9F1}.Debug|Any CPU.Build.0 = Debug|Any CPU
		{CBA4C369-9650-4EDB-8C2C-8B274CA6F9F1}.Release|Any CPU.ActiveCfg = Release|Any CPU
		{CBA4C369-9650-4EDB-8C2C-8B274CA6F9F1}.Release|Any CPU.Build.0 = Release|Any CPU
		{75AA576B-8EC7-4DCD-A5DA-A437432B099C}.Debug|Any CPU.ActiveCfg = Debug|Any CPU
		{75AA576B-8EC7-4DCD-A5DA-A437432B099C}.Debug|Any CPU.Build.0 = Debug|Any CPU
		{75AA576B-8EC7-4DCD-A5DA-A437432B099C}.Release|Any CPU.ActiveCfg = Release|Any CPU
		{75AA576B-8EC7-4DCD-A5DA-A437432B099C}.Release|Any CPU.Build.0 = Release|Any CPU
		{CDAFA7F5-F350-44C4-965C-1F46A1211C28}.Debug|Any CPU.ActiveCfg = Debug|Any CPU
		{CDAFA7F5-F350-44C4-965C-1F46A1211C28}.Debug|Any CPU.Build.0 = Debug|Any CPU
		{CDAFA7F5-F350-44C4-965C-1F46A1211C28}.Release|Any CPU.ActiveCfg = Release|Any CPU
		{CDAFA7F5-F350-44C4-965C-1F46A1211C28}.Release|Any CPU.Build.0 = Release|Any CPU
		{C4EAC1FA-FBAF-4059-A9A9-8ABA7CA4348B}.Debug|Any CPU.ActiveCfg = Debug|Any CPU
		{C4EAC1FA-FBAF-4059-A9A9-8ABA7CA4348B}.Debug|Any CPU.Build.0 = Debug|Any CPU
		{C4EAC1FA-FBAF-4059-A9A9-8ABA7CA4348B}.Release|Any CPU.ActiveCfg = Release|Any CPU
		{C4EAC1FA-FBAF-4059-A9A9-8ABA7CA4348B}.Release|Any CPU.Build.0 = Release|Any CPU
		{8A2A8499-ABB1-433D-93C0-1EF7293873DD}.Debug|Any CPU.ActiveCfg = Debug|Any CPU
		{8A2A8499-ABB1-433D-93C0-1EF7293873DD}.Debug|Any CPU.Build.0 = Debug|Any CPU
		{8A2A8499-ABB1-433D-93C0-1EF7293873DD}.Release|Any CPU.ActiveCfg = Release|Any CPU
		{8A2A8499-ABB1-433D-93C0-1EF7293873DD}.Release|Any CPU.Build.0 = Release|Any CPU
		{061A44FD-B4FB-49F4-9C5B-9427E308DB36}.Debug|Any CPU.ActiveCfg = Debug|Any CPU
		{061A44FD-B4FB-49F4-9C5B-9427E308DB36}.Debug|Any CPU.Build.0 = Debug|Any CPU
		{061A44FD-B4FB-49F4-9C5B-9427E308DB36}.Release|Any CPU.ActiveCfg = Release|Any CPU
		{061A44FD-B4FB-49F4-9C5B-9427E308DB36}.Release|Any CPU.Build.0 = Release|Any CPU
		{8AFCA447-6C2A-4AAD-A1FA-6CDAE5077CFC}.Debug|Any CPU.ActiveCfg = Debug|Any CPU
		{8AFCA447-6C2A-4AAD-A1FA-6CDAE5077CFC}.Debug|Any CPU.Build.0 = Debug|Any CPU
		{8AFCA447-6C2A-4AAD-A1FA-6CDAE5077CFC}.Release|Any CPU.ActiveCfg = Release|Any CPU
		{8AFCA447-6C2A-4AAD-A1FA-6CDAE5077CFC}.Release|Any CPU.Build.0 = Release|Any CPU
		{74CC17CB-BD91-4096-A023-C2DBE6B3BB72}.Debug|Any CPU.ActiveCfg = Debug|Any CPU
		{74CC17CB-BD91-4096-A023-C2DBE6B3BB72}.Debug|Any CPU.Build.0 = Debug|Any CPU
		{74CC17CB-BD91-4096-A023-C2DBE6B3BB72}.Release|Any CPU.ActiveCfg = Release|Any CPU
		{74CC17CB-BD91-4096-A023-C2DBE6B3BB72}.Release|Any CPU.Build.0 = Release|Any CPU
		{8F3DF5EE-9E97-4993-BD88-242FC24951DA}.Debug|Any CPU.ActiveCfg = Debug|Any CPU
		{8F3DF5EE-9E97-4993-BD88-242FC24951DA}.Debug|Any CPU.Build.0 = Debug|Any CPU
		{8F3DF5EE-9E97-4993-BD88-242FC24951DA}.Release|Any CPU.ActiveCfg = Release|Any CPU
		{8F3DF5EE-9E97-4993-BD88-242FC24951DA}.Release|Any CPU.Build.0 = Release|Any CPU
		{2EA71316-C7FD-47F1-A9BA-DDC869401C7B}.Debug|Any CPU.ActiveCfg = Debug|Any CPU
		{2EA71316-C7FD-47F1-A9BA-DDC869401C7B}.Debug|Any CPU.Build.0 = Debug|Any CPU
		{2EA71316-C7FD-47F1-A9BA-DDC869401C7B}.Release|Any CPU.ActiveCfg = Release|Any CPU
		{2EA71316-C7FD-47F1-A9BA-DDC869401C7B}.Release|Any CPU.Build.0 = Release|Any CPU
		{FF913131-7B23-45B2-83C7-7ACC9D38E06C}.Debug|Any CPU.ActiveCfg = Debug|Any CPU
		{FF913131-7B23-45B2-83C7-7ACC9D38E06C}.Debug|Any CPU.Build.0 = Debug|Any CPU
		{FF913131-7B23-45B2-83C7-7ACC9D38E06C}.Release|Any CPU.ActiveCfg = Release|Any CPU
		{FF913131-7B23-45B2-83C7-7ACC9D38E06C}.Release|Any CPU.Build.0 = Release|Any CPU
		{108AA6C9-6D40-4E69-94BB-D2509E7683AD}.Debug|Any CPU.ActiveCfg = Debug|Any CPU
		{108AA6C9-6D40-4E69-94BB-D2509E7683AD}.Debug|Any CPU.Build.0 = Debug|Any CPU
		{108AA6C9-6D40-4E69-94BB-D2509E7683AD}.Release|Any CPU.ActiveCfg = Release|Any CPU
		{108AA6C9-6D40-4E69-94BB-D2509E7683AD}.Release|Any CPU.Build.0 = Release|Any CPU
		{F53DD5D6-CF55-4292-9F9E-BC48AB06B43E}.Debug|Any CPU.ActiveCfg = Debug|Any CPU
		{F53DD5D6-CF55-4292-9F9E-BC48AB06B43E}.Debug|Any CPU.Build.0 = Debug|Any CPU
		{F53DD5D6-CF55-4292-9F9E-BC48AB06B43E}.Release|Any CPU.ActiveCfg = Release|Any CPU
		{F53DD5D6-CF55-4292-9F9E-BC48AB06B43E}.Release|Any CPU.Build.0 = Release|Any CPU
		{55D0D67D-3A82-4EE4-BB06-1F66937C3A35}.Debug|Any CPU.ActiveCfg = Debug|Any CPU
		{55D0D67D-3A82-4EE4-BB06-1F66937C3A35}.Debug|Any CPU.Build.0 = Debug|Any CPU
		{55D0D67D-3A82-4EE4-BB06-1F66937C3A35}.Release|Any CPU.ActiveCfg = Release|Any CPU
		{55D0D67D-3A82-4EE4-BB06-1F66937C3A35}.Release|Any CPU.Build.0 = Release|Any CPU
		{5073DE5C-90B8-4948-8A3B-1D7D28C4E57D}.Debug|Any CPU.ActiveCfg = Debug|Any CPU
		{5073DE5C-90B8-4948-8A3B-1D7D28C4E57D}.Debug|Any CPU.Build.0 = Debug|Any CPU
		{5073DE5C-90B8-4948-8A3B-1D7D28C4E57D}.Release|Any CPU.ActiveCfg = Release|Any CPU
		{5073DE5C-90B8-4948-8A3B-1D7D28C4E57D}.Release|Any CPU.Build.0 = Release|Any CPU
		{9B2B76D2-2E2A-478D-A29E-F74A8D34A9FE}.Debug|Any CPU.ActiveCfg = Debug|Any CPU
		{9B2B76D2-2E2A-478D-A29E-F74A8D34A9FE}.Debug|Any CPU.Build.0 = Debug|Any CPU
		{9B2B76D2-2E2A-478D-A29E-F74A8D34A9FE}.Release|Any CPU.ActiveCfg = Release|Any CPU
		{9B2B76D2-2E2A-478D-A29E-F74A8D34A9FE}.Release|Any CPU.Build.0 = Release|Any CPU
		{6D32AAAA-CA58-454C-AC3F-BB64A49AA7AB}.Debug|Any CPU.ActiveCfg = Debug|Any CPU
		{6D32AAAA-CA58-454C-AC3F-BB64A49AA7AB}.Debug|Any CPU.Build.0 = Debug|Any CPU
		{6D32AAAA-CA58-454C-AC3F-BB64A49AA7AB}.Release|Any CPU.ActiveCfg = Release|Any CPU
		{6D32AAAA-CA58-454C-AC3F-BB64A49AA7AB}.Release|Any CPU.Build.0 = Release|Any CPU
		{AD6A3C63-253E-4264-A44C-BE5438D735B7}.Debug|Any CPU.ActiveCfg = Debug|Any CPU
		{AD6A3C63-253E-4264-A44C-BE5438D735B7}.Debug|Any CPU.Build.0 = Debug|Any CPU
		{AD6A3C63-253E-4264-A44C-BE5438D735B7}.Release|Any CPU.ActiveCfg = Release|Any CPU
		{AD6A3C63-253E-4264-A44C-BE5438D735B7}.Release|Any CPU.Build.0 = Release|Any CPU
		{06E00B0B-5B71-4AF3-8A51-3F84C5A803C2}.Debug|Any CPU.ActiveCfg = Debug|Any CPU
		{06E00B0B-5B71-4AF3-8A51-3F84C5A803C2}.Debug|Any CPU.Build.0 = Debug|Any CPU
		{06E00B0B-5B71-4AF3-8A51-3F84C5A803C2}.Release|Any CPU.ActiveCfg = Release|Any CPU
		{06E00B0B-5B71-4AF3-8A51-3F84C5A803C2}.Release|Any CPU.Build.0 = Release|Any CPU
		{E022DAEB-163B-43CA-9FEC-C0B604A44E9C}.Debug|Any CPU.ActiveCfg = Debug|Any CPU
		{E022DAEB-163B-43CA-9FEC-C0B604A44E9C}.Debug|Any CPU.Build.0 = Debug|Any CPU
		{E022DAEB-163B-43CA-9FEC-C0B604A44E9C}.Release|Any CPU.ActiveCfg = Release|Any CPU
		{E022DAEB-163B-43CA-9FEC-C0B604A44E9C}.Release|Any CPU.Build.0 = Release|Any CPU
		{E9331012-1382-4785-B690-FAB471F33DF0}.Debug|Any CPU.ActiveCfg = Debug|Any CPU
		{E9331012-1382-4785-B690-FAB471F33DF0}.Debug|Any CPU.Build.0 = Debug|Any CPU
		{E9331012-1382-4785-B690-FAB471F33DF0}.Release|Any CPU.ActiveCfg = Release|Any CPU
		{E9331012-1382-4785-B690-FAB471F33DF0}.Release|Any CPU.Build.0 = Release|Any CPU
		{51CA7AA4-9A7C-41B6-8086-A650B3017637}.Debug|Any CPU.ActiveCfg = Debug|Any CPU
		{51CA7AA4-9A7C-41B6-8086-A650B3017637}.Debug|Any CPU.Build.0 = Debug|Any CPU
		{51CA7AA4-9A7C-41B6-8086-A650B3017637}.Release|Any CPU.ActiveCfg = Release|Any CPU
		{51CA7AA4-9A7C-41B6-8086-A650B3017637}.Release|Any CPU.Build.0 = Release|Any CPU
		{990B82A8-F590-447B-BA21-321222FB70C6}.Debug|Any CPU.ActiveCfg = Debug|Any CPU
		{990B82A8-F590-447B-BA21-321222FB70C6}.Debug|Any CPU.Build.0 = Debug|Any CPU
		{990B82A8-F590-447B-BA21-321222FB70C6}.Debug|Any CPU.Deploy.0 = Debug|Any CPU
		{990B82A8-F590-447B-BA21-321222FB70C6}.Release|Any CPU.ActiveCfg = Release|Any CPU
		{990B82A8-F590-447B-BA21-321222FB70C6}.Release|Any CPU.Build.0 = Release|Any CPU
		{990B82A8-F590-447B-BA21-321222FB70C6}.Release|Any CPU.Deploy.0 = Release|Any CPU
		{012BA3E7-F66E-43F0-A3DF-AD4A6AE3A70D}.Debug|Any CPU.ActiveCfg = Debug|Any CPU
		{012BA3E7-F66E-43F0-A3DF-AD4A6AE3A70D}.Debug|Any CPU.Build.0 = Debug|Any CPU
		{012BA3E7-F66E-43F0-A3DF-AD4A6AE3A70D}.Release|Any CPU.ActiveCfg = Release|Any CPU
		{012BA3E7-F66E-43F0-A3DF-AD4A6AE3A70D}.Release|Any CPU.Build.0 = Release|Any CPU
		{46777899-90F3-4FEB-9E72-DC614F1742B4}.Debug|Any CPU.ActiveCfg = Debug|Any CPU
		{46777899-90F3-4FEB-9E72-DC614F1742B4}.Debug|Any CPU.Build.0 = Debug|Any CPU
		{46777899-90F3-4FEB-9E72-DC614F1742B4}.Release|Any CPU.ActiveCfg = Release|Any CPU
		{46777899-90F3-4FEB-9E72-DC614F1742B4}.Release|Any CPU.Build.0 = Release|Any CPU
		{D817736A-B456-4CDE-934E-25A3EA53B9F3}.Debug|Any CPU.ActiveCfg = Debug|Any CPU
		{D817736A-B456-4CDE-934E-25A3EA53B9F3}.Debug|Any CPU.Build.0 = Debug|Any CPU
		{D817736A-B456-4CDE-934E-25A3EA53B9F3}.Release|Any CPU.ActiveCfg = Release|Any CPU
		{D817736A-B456-4CDE-934E-25A3EA53B9F3}.Release|Any CPU.Build.0 = Release|Any CPU
		{9E8F15EE-6B98-4AAC-92B9-47FAB9173DF6}.Debug|Any CPU.ActiveCfg = Debug|Any CPU
		{9E8F15EE-6B98-4AAC-92B9-47FAB9173DF6}.Debug|Any CPU.Build.0 = Debug|Any CPU
		{9E8F15EE-6B98-4AAC-92B9-47FAB9173DF6}.Release|Any CPU.ActiveCfg = Release|Any CPU
		{9E8F15EE-6B98-4AAC-92B9-47FAB9173DF6}.Release|Any CPU.Build.0 = Release|Any CPU
		{17E1EA74-C132-46A0-B904-88FDC5D7D649}.Debug|Any CPU.ActiveCfg = Debug|Any CPU
		{17E1EA74-C132-46A0-B904-88FDC5D7D649}.Debug|Any CPU.Build.0 = Debug|Any CPU
		{17E1EA74-C132-46A0-B904-88FDC5D7D649}.Release|Any CPU.ActiveCfg = Release|Any CPU
		{17E1EA74-C132-46A0-B904-88FDC5D7D649}.Release|Any CPU.Build.0 = Release|Any CPU
		{5AFF4ED3-60FD-40CB-9355-8B7EFA71D6FC}.Debug|Any CPU.ActiveCfg = Debug|Any CPU
		{5AFF4ED3-60FD-40CB-9355-8B7EFA71D6FC}.Debug|Any CPU.Build.0 = Debug|Any CPU
		{5AFF4ED3-60FD-40CB-9355-8B7EFA71D6FC}.Release|Any CPU.ActiveCfg = Release|Any CPU
		{5AFF4ED3-60FD-40CB-9355-8B7EFA71D6FC}.Release|Any CPU.Build.0 = Release|Any CPU
		{E98730B1-6EFB-4A15-B352-D47D694CEA9C}.Debug|Any CPU.ActiveCfg = Debug|Any CPU
		{E98730B1-6EFB-4A15-B352-D47D694CEA9C}.Debug|Any CPU.Build.0 = Debug|Any CPU
		{E98730B1-6EFB-4A15-B352-D47D694CEA9C}.Release|Any CPU.ActiveCfg = Release|Any CPU
		{E98730B1-6EFB-4A15-B352-D47D694CEA9C}.Release|Any CPU.Build.0 = Release|Any CPU
		{A48A4E0D-DDD9-4481-80BD-89040DE61B56}.Debug|Any CPU.ActiveCfg = Debug|Any CPU
		{A48A4E0D-DDD9-4481-80BD-89040DE61B56}.Debug|Any CPU.Build.0 = Debug|Any CPU
		{A48A4E0D-DDD9-4481-80BD-89040DE61B56}.Release|Any CPU.ActiveCfg = Release|Any CPU
		{A48A4E0D-DDD9-4481-80BD-89040DE61B56}.Release|Any CPU.Build.0 = Release|Any CPU
		{61470356-6CEE-4B66-AD68-D9CB9AFD7206}.Debug|Any CPU.ActiveCfg = Debug|Any CPU
		{61470356-6CEE-4B66-AD68-D9CB9AFD7206}.Debug|Any CPU.Build.0 = Debug|Any CPU
		{61470356-6CEE-4B66-AD68-D9CB9AFD7206}.Release|Any CPU.ActiveCfg = Release|Any CPU
		{61470356-6CEE-4B66-AD68-D9CB9AFD7206}.Release|Any CPU.Build.0 = Release|Any CPU
	EndGlobalSection
	GlobalSection(SolutionProperties) = preSolution
		HideSolutionNode = FALSE
	EndGlobalSection
	GlobalSection(ExtensibilityGlobals) = postSolution
		SolutionGuid = {5B6FD742-AB53-48FC-864D-415C4F9AF6F0}
	EndGlobalSection
EndGlobal
